
Microsoft Visual Studio Solution File, Format Version 12.00
# Visual Studio Version 17
VisualStudioVersion = 17.11.35208.52
MinimumVisualStudioVersion = 10.0.40219.1
Project("{FAE04EC0-301F-11D3-BF4B-00C04F79EFBC}") = "POS_Madina", "POS_Madina\POS_Madina.csproj", "{A9EB8EF9-070E-4CBC-BCF2-C8C599B67A7C}"
EndProject
Global
	GlobalSection(SolutionConfigurationPlatforms) = preSolution
		Debug|Any CPU = Debug|Any CPU
		Release|Any CPU = Release|Any CPU
	EndGlobalSection
	GlobalSection(ProjectConfigurationPlatforms) = postSolution
		{A9EB8EF9-070E-4CBC-BCF2-C8C599B67A7C}.Debug|Any CPU.ActiveCfg = Debug|Any CPU
		{A9EB8EF9-070E-4CBC-BCF2-C8C599B67A7C}.Debug|Any CPU.Build.0 = Debug|Any CPU
		{A9EB8EF9-070E-4CBC-BCF2-C8C599B67A7C}.Release|Any CPU.ActiveCfg = Release|Any CPU
		{A9EB8EF9-070E-4CBC-BCF2-C8C599B67A7C}.Release|Any CPU.Build.0 = Release|Any CPU
	EndGlobalSection
	GlobalSection(SolutionProperties) = preSolution
		HideSolutionNode = FALSE
	EndGlobalSection
	GlobalSection(ExtensibilityGlobals) = postSolution
		SolutionGuid = {1D15A266-BF93-4183-8A25-19686DEE4813}
	EndGlobalSection
EndGlobal
